
Microsoft Visual Studio Solution File, Format Version 12.00
# Visual Studio Version 17
VisualStudioVersion = 17.11.35222.181
MinimumVisualStudioVersion = 10.0.40219.1
Project("{FAE04EC0-301F-11D3-BF4B-00C04F79EFBC}") = "DevFreela.Payments.API", "DevFreela.Payments.API\DevFreela.Payments.API.csproj", "{C6968D71-27CF-4234-A489-279BC952C759}"
EndProject
Global
	GlobalSection(SolutionConfigurationPlatforms) = preSolution
		Debug|Any CPU = Debug|Any CPU
		Release|Any CPU = Release|Any CPU
	EndGlobalSection
	GlobalSection(ProjectConfigurationPlatforms) = postSolution
		{C6968D71-27CF-4234-A489-279BC952C759}.Debug|Any CPU.ActiveCfg = Debug|Any CPU
		{C6968D71-27CF-4234-A489-279BC952C759}.Debug|Any CPU.Build.0 = Debug|Any CPU
		{C6968D71-27CF-4234-A489-279BC952C759}.Release|Any CPU.ActiveCfg = Release|Any CPU
		{C6968D71-27CF-4234-A489-279BC952C759}.Release|Any CPU.Build.0 = Release|Any CPU
	EndGlobalSection
	GlobalSection(SolutionProperties) = preSolution
		HideSolutionNode = FALSE
	EndGlobalSection
	GlobalSection(ExtensibilityGlobals) = postSolution
		SolutionGuid = {323A99FA-9A81-4B47-AE60-F0399A10B14C}
	EndGlobalSection
EndGlobal
